// !$*UTF8*$!
{
	archiveVersion = 1;
	classes = {
	};
	objectVersion = 46;
	objects = {

/* Begin PBXBuildFile section */
		0207DA581B56EA530066E2B4 /* Images.xcassets in Resources */ = {isa = PBXBuildFile; fileRef = 0207DA571B56EA530066E2B4 /* Images.xcassets */; };
		058ABF9B5B9A4DBF88320933 /* CDVLocation.m in Sources */ = {isa = PBXBuildFile; fileRef = D1E4DA1CAB1A48388C28FBC2 /* CDVLocation.m */; };
		06332C4F2E064ED29123932B /* CDVViewController+SplashScreen.m in Sources */ = {isa = PBXBuildFile; fileRef = 06AE7E8D85684B8D86B5D7CA /* CDVViewController+SplashScreen.m */; };
		09D62D1E7EAC46C5B78CCD16 /* CDVCapture.bundle in Resources */ = {isa = PBXBuildFile; fileRef = EED0A125805744A48388602B /* CDVCapture.bundle */; };
		0AF4FB113951431EB9208750 /* SOSPicker.m in Sources */ = {isa = PBXBuildFile; fileRef = E4AA810F8AFC4DB2ABA63F46 /* SOSPicker.m */; };
		0C18218B2BA744B4936AF32A /* CDVConnection.m in Sources */ = {isa = PBXBuildFile; fileRef = CFF26519FC4741468481FA21 /* CDVConnection.m */; };
		14C9D87F38DC4A7B80198562 /* CDVCompass.m in Sources */ = {isa = PBXBuildFile; fileRef = 06054E8D58B146E0A0C921D2 /* CDVCompass.m */; };
		1AB10BB2C7ED4D2788B05127 /* CDVLocalFilesystem.m in Sources */ = {isa = PBXBuildFile; fileRef = D209039DB60C44249EA94EF5 /* CDVLocalFilesystem.m */; };
		1C27FE98C5A74062B96889D4 /* ELCAssetTablePicker.xib in Resources */ = {isa = PBXBuildFile; fileRef = 9B4A2881748648C6B406A320 /* ELCAssetTablePicker.xib */; };
		1D3623260D0F684500981E51 /* AppDelegate.m in Sources */ = {isa = PBXBuildFile; fileRef = 1D3623250D0F684500981E51 /* AppDelegate.m */; };
		1D60589B0D05DD56006BFB54 /* main.m in Sources */ = {isa = PBXBuildFile; fileRef = 29B97316FDCFA39411CA2CEA /* main.m */; };
		263769A8454949008CA89BEE /* ELCAssetPicker.xib in Resources */ = {isa = PBXBuildFile; fileRef = 97FE5F0B4CB048048879F46C /* ELCAssetPicker.xib */; };
		2B272192C3184F58AE07D411 /* ELCAssetTablePicker.m in Sources */ = {isa = PBXBuildFile; fileRef = 2D8C25B464CA429BA7711B00 /* ELCAssetTablePicker.m */; };
		301BF552109A68D80062928A /* libCordova.a in Frameworks */ = {isa = PBXBuildFile; fileRef = 301BF535109A57CC0062928A /* libCordova.a */; };
		302D95F114D2391D003F00A1 /* MainViewController.m in Sources */ = {isa = PBXBuildFile; fileRef = 302D95EF14D2391D003F00A1 /* MainViewController.m */; };
		302D95F214D2391D003F00A1 /* MainViewController.xib in Resources */ = {isa = PBXBuildFile; fileRef = 302D95F014D2391D003F00A1 /* MainViewController.xib */; };
		3047A5121AB8059700498E2A /* build-debug.xcconfig in Resources */ = {isa = PBXBuildFile; fileRef = 3047A50F1AB8059700498E2A /* build-debug.xcconfig */; };
		3047A5131AB8059700498E2A /* build-release.xcconfig in Resources */ = {isa = PBXBuildFile; fileRef = 3047A5101AB8059700498E2A /* build-release.xcconfig */; };
		3047A5141AB8059700498E2A /* build.xcconfig in Resources */ = {isa = PBXBuildFile; fileRef = 3047A5111AB8059700498E2A /* build.xcconfig */; };
		304B530897424DFD855986F2 /* CDVLogger.m in Sources */ = {isa = PBXBuildFile; fileRef = 832EF488B57545B1A3660EA8 /* CDVLogger.m */; };
		31193926D14741479C281E1A /* CDVNotification.m in Sources */ = {isa = PBXBuildFile; fileRef = 9B4C90D0B6DC4516ABE93C29 /* CDVNotification.m */; };
		3797004532A9464BBF153BBF /* CDVCapture.m in Sources */ = {isa = PBXBuildFile; fileRef = 4906535FCDBE48E99285CC64 /* CDVCapture.m */; };
		38278D43C8F140A092C4EBA1 /* ELCAlbumPickerController.m in Sources */ = {isa = PBXBuildFile; fileRef = C665366CD2CF456E88528AA9 /* ELCAlbumPickerController.m */; };
		3C323FA6268E4024B72A1A38 /* ImageIO.framework in Frameworks */ = {isa = PBXBuildFile; fileRef = A9F799B1DD2F4341B1617DA6 /* ImageIO.framework */; settings = {ATTRIBUTES = (Weak, ); }; };
		57F115C6B2E547B9AA160270 /* CoreTelephony.framework in Frameworks */ = {isa = PBXBuildFile; fileRef = 70CE5C44A48645DB80622439 /* CoreTelephony.framework */; };
		5E03941767C84DA9AF7D21D5 /* CDVStatusBar.m in Sources */ = {isa = PBXBuildFile; fileRef = 8769B79481424CEDBA16EF51 /* CDVStatusBar.m */; };
		5E1A22C0AA8D4E56B2A531BB /* CDVNotification.bundle in Resources */ = {isa = PBXBuildFile; fileRef = 305FCB7AF26F4BFDBD6180B4 /* CDVNotification.bundle */; };
		62D73506DC3F4A6DBBBE3CA7 /* CDVSplashScreen.m in Sources */ = {isa = PBXBuildFile; fileRef = 9F998E3268214ADAAC4E6D78 /* CDVSplashScreen.m */; };
		67D68FCE65CF427B90EF406A /* CDVFile.m in Sources */ = {isa = PBXBuildFile; fileRef = F309140C013F4E2B92F08D64 /* CDVFile.m */; };
		6B8D65D3B7F742F19799784A /* CDVContacts.m in Sources */ = {isa = PBXBuildFile; fileRef = 8452177FB2014F4C9DBFDE7C /* CDVContacts.m */; };
		781D6AB7007D4C5DB0FC4403 /* AddressBookUI.framework in Frameworks */ = {isa = PBXBuildFile; fileRef = DF934D958D5E4C54B6556AE8 /* AddressBookUI.framework */; settings = {ATTRIBUTES = (Weak, ); }; };
		814724B1C4A045A299D2D054 /* Overlay.png in Resources */ = {isa = PBXBuildFile; fileRef = 06A5A454BE9F44A2B50DE779 /* Overlay.png */; };
		8CEDE220C8814EA5A9A761A2 /* CDVCamera.m in Sources */ = {isa = PBXBuildFile; fileRef = A78107BA9E874AFD9801068A /* CDVCamera.m */; };
		955E540CD84D40B187B5689E /* CDVJpegHeaderWriter.m in Sources */ = {isa = PBXBuildFile; fileRef = 1CF4643C76E645CF9AE27850 /* CDVJpegHeaderWriter.m */; };
		959BF43851CA48079E112BAA /* CDVAssetLibraryFilesystem.m in Sources */ = {isa = PBXBuildFile; fileRef = 9DD4609A9B824D138B9D4594 /* CDVAssetLibraryFilesystem.m */; };
		A57783CAD9434970A6B242F0 /* ELCAlbumPickerController.xib in Resources */ = {isa = PBXBuildFile; fileRef = D83E6C1FC297460391BF801D /* ELCAlbumPickerController.xib */; };
		AA0FC5E6109241D0B427F33E /* UIImage+CropScaleOrientation.m in Sources */ = {isa = PBXBuildFile; fileRef = CF1EA16B80964667B02DE400 /* UIImage+CropScaleOrientation.m */; };
		AA1EE465FA034E47A91DD9BE /* ELCImagePickerController.m in Sources */ = {isa = PBXBuildFile; fileRef = 11CFA09CE61D42148D058E09 /* ELCImagePickerController.m */; };
		AE55DADCAFF94738ABA14531 /* CDVBattery.m in Sources */ = {isa = PBXBuildFile; fileRef = 0396BEF0035A4BE08DE5407A /* CDVBattery.m */; };
		B32FE32A76AF4BDFABF6A531 /* CDVVibration.m in Sources */ = {isa = PBXBuildFile; fileRef = E10DE43FF37144059E995008 /* CDVVibration.m */; };
		B67C0B6517424347963B61E0 /* CDVAccelerometer.m in Sources */ = {isa = PBXBuildFile; fileRef = 67F14EA4774F4BF58057991C /* CDVAccelerometer.m */; };
		B6BC511F054D4183B5A05882 /* SystemConfiguration.framework in Frameworks */ = {isa = PBXBuildFile; fileRef = 32F8E083E2C1471D82D5E7DE /* SystemConfiguration.framework */; settings = {ATTRIBUTES = (Weak, ); }; };
		BA38282ACE1A40F18FE89C43 /* ELCAsset.m in Sources */ = {isa = PBXBuildFile; fileRef = 25E0359E920B4A3583A22EF3 /* ELCAsset.m */; };
		BD8D083E74434C5C8E5A3D56 /* ELCAssetCell.m in Sources */ = {isa = PBXBuildFile; fileRef = D45BFA9E9E0F4BCBAAC12458 /* ELCAssetCell.m */; };
		BF5AA83BA17A4E7FA8063EB0 /* CDVDevice.m in Sources */ = {isa = PBXBuildFile; fileRef = 7BFC17105FC94E1982F7FF2B /* CDVDevice.m */; };
		C7985CC8C6B443A98C4FD364 /* AddressBook.framework in Frameworks */ = {isa = PBXBuildFile; fileRef = 3615C64E7F8C42D9AE9EC1A0 /* AddressBook.framework */; settings = {ATTRIBUTES = (Weak, ); }; };
		CC28876CEF654650B9F26DCE /* CDVFileTransfer.m in Sources */ = {isa = PBXBuildFile; fileRef = A6C765DE52524D6490FF3570 /* CDVFileTransfer.m */; };
		D9AD31BDD9B9433EA973A328 /* CoreLocation.framework in Frameworks */ = {isa = PBXBuildFile; fileRef = E435F929687542C49ED3B44E /* CoreLocation.framework */; };
		DC0917AE2DFE4BC9B3A10AA2 /* CDVReachability.m in Sources */ = {isa = PBXBuildFile; fileRef = 4B726BBA87074A18AE54048B /* CDVReachability.m */; };
		DE1A0510395D4758AFCE3360 /* CDVSound.m in Sources */ = {isa = PBXBuildFile; fileRef = 645BE6284F2C4DA9ABBC658E /* CDVSound.m */; };
		DE9C9FC13C8F4095840B1D2B /* CDVInAppBrowser.m in Sources */ = {isa = PBXBuildFile; fileRef = 7D6B36D3EF5040D4A062735B /* CDVInAppBrowser.m */; };
		E231AF9D96CE401F808BD6E1 /* CDVGlobalization.m in Sources */ = {isa = PBXBuildFile; fileRef = 8690BF4E87234E6D95B148D3 /* CDVGlobalization.m */; };
		E40F4E363B12437189D48ED9 /* Overlay@2x.png in Resources */ = {isa = PBXBuildFile; fileRef = E5EB5B66ADEF472FB9905AA0 /* Overlay@2x.png */; };
		E750456B127D48F895290904 /* CoreMotion.framework in Frameworks */ = {isa = PBXBuildFile; fileRef = 7B5436CDD4564C3884E87544 /* CoreMotion.framework */; };
		EEEA956C7FA146CEA721CBA4 /* AVFoundation.framework in Frameworks */ = {isa = PBXBuildFile; fileRef = DD7665BF170F45048BB0CD64 /* AVFoundation.framework */; };
		F0258DC1DB34451690A3A30A /* AudioToolbox.framework in Frameworks */ = {isa = PBXBuildFile; fileRef = 8F4FB8090EBA422E87596B3D /* AudioToolbox.framework */; settings = {ATTRIBUTES = (Weak, ); }; };
		F622F03C1F2E4DE0A528148D /* CDVContact.m in Sources */ = {isa = PBXBuildFile; fileRef = B3E0180FFB574539B3E5309C /* CDVContact.m */; };
/* End PBXBuildFile section */

/* Begin PBXContainerItemProxy section */
		301BF534109A57CC0062928A /* PBXContainerItemProxy */ = {
			isa = PBXContainerItemProxy;
			containerPortal = 301BF52D109A57CC0062928A /* CordovaLib.xcodeproj */;
			proxyType = 2;
			remoteGlobalIDString = D2AAC07E0554694100DB518D;
			remoteInfo = CordovaLib;
		};
		301BF550109A68C00062928A /* PBXContainerItemProxy */ = {
			isa = PBXContainerItemProxy;
			containerPortal = 301BF52D109A57CC0062928A /* CordovaLib.xcodeproj */;
			proxyType = 1;
			remoteGlobalIDString = D2AAC07D0554694100DB518D;
			remoteInfo = CordovaLib;
		};
/* End PBXContainerItemProxy section */

/* Begin PBXFileReference section */
		0207DA571B56EA530066E2B4 /* Images.xcassets */ = {isa = PBXFileReference; lastKnownFileType = folder.assetcatalog; name = Images.xcassets; path = Time/Images.xcassets; sourceTree = SOURCE_ROOT; };
		023B9D29C5C748538B39D035 /* ELCAlbumPickerController.h */ = {isa = PBXFileReference; explicitFileType = undefined; fileEncoding = 4; includeInIndex = 0; lastKnownFileType = sourcecode.c.h; name = ELCAlbumPickerController.h; path = "cordova-plugin-image-picker/ELCAlbumPickerController.h"; sourceTree = "<group>"; };
		0396BEF0035A4BE08DE5407A /* CDVBattery.m */ = {isa = PBXFileReference; explicitFileType = undefined; fileEncoding = 4; includeInIndex = 0; lastKnownFileType = sourcecode.c.objc; name = CDVBattery.m; path = "cordova-plugin-battery-status/CDVBattery.m"; sourceTree = "<group>"; };
		06054E8D58B146E0A0C921D2 /* CDVCompass.m */ = {isa = PBXFileReference; explicitFileType = undefined; fileEncoding = 4; includeInIndex = 0; lastKnownFileType = sourcecode.c.objc; name = CDVCompass.m; path = "cordova-plugin-device-orientation/CDVCompass.m"; sourceTree = "<group>"; };
		06A5A454BE9F44A2B50DE779 /* Overlay.png */ = {isa = PBXFileReference; explicitFileType = undefined; fileEncoding = 9; includeInIndex = 0; lastKnownFileType = unknown; path = Overlay.png; sourceTree = "<group>"; };
		06AE7E8D85684B8D86B5D7CA /* CDVViewController+SplashScreen.m */ = {isa = PBXFileReference; explicitFileType = undefined; fileEncoding = 4; includeInIndex = 0; lastKnownFileType = sourcecode.c.objc; name = "CDVViewController+SplashScreen.m"; path = "cordova-plugin-splashscreen/CDVViewController+SplashScreen.m"; sourceTree = "<group>"; };
		0EBCC25BB2EF49E6A4C9E1BE /* CDVCapture.h */ = {isa = PBXFileReference; explicitFileType = undefined; fileEncoding = 4; includeInIndex = 0; lastKnownFileType = sourcecode.c.h; name = CDVCapture.h; path = "cordova-plugin-media-capture/CDVCapture.h"; sourceTree = "<group>"; };
		11CFA09CE61D42148D058E09 /* ELCImagePickerController.m */ = {isa = PBXFileReference; explicitFileType = undefined; fileEncoding = 4; includeInIndex = 0; lastKnownFileType = sourcecode.c.objc; name = ELCImagePickerController.m; path = "cordova-plugin-image-picker/ELCImagePickerController.m"; sourceTree = "<group>"; };
		11EC9A83A79D479496C549C0 /* CDVCompass.h */ = {isa = PBXFileReference; explicitFileType = undefined; fileEncoding = 4; includeInIndex = 0; lastKnownFileType = sourcecode.c.h; name = CDVCompass.h; path = "cordova-plugin-device-orientation/CDVCompass.h"; sourceTree = "<group>"; };
		1CF4643C76E645CF9AE27850 /* CDVJpegHeaderWriter.m */ = {isa = PBXFileReference; explicitFileType = undefined; fileEncoding = 4; includeInIndex = 0; lastKnownFileType = sourcecode.c.objc; name = CDVJpegHeaderWriter.m; path = "cordova-plugin-camera/CDVJpegHeaderWriter.m"; sourceTree = "<group>"; };
		1D3623240D0F684500981E51 /* AppDelegate.h */ = {isa = PBXFileReference; fileEncoding = 4; lastKnownFileType = sourcecode.c.h; path = AppDelegate.h; sourceTree = "<group>"; };
		1D3623250D0F684500981E51 /* AppDelegate.m */ = {isa = PBXFileReference; fileEncoding = 4; lastKnownFileType = sourcecode.c.objc; path = AppDelegate.m; sourceTree = "<group>"; };
		1D6058910D05DD3D006BFB54 /* Time.app */ = {isa = PBXFileReference; explicitFileType = wrapper.application; includeInIndex = 0; path = Time.app; sourceTree = BUILT_PRODUCTS_DIR; };
		1E2025296A8648E982408A54 /* CDVGlobalization.h */ = {isa = PBXFileReference; explicitFileType = undefined; fileEncoding = 4; includeInIndex = 0; lastKnownFileType = sourcecode.c.h; name = CDVGlobalization.h; path = "cordova-plugin-globalization/CDVGlobalization.h"; sourceTree = "<group>"; };
		25E0359E920B4A3583A22EF3 /* ELCAsset.m */ = {isa = PBXFileReference; explicitFileType = undefined; fileEncoding = 4; includeInIndex = 0; lastKnownFileType = sourcecode.c.objc; name = ELCAsset.m; path = "cordova-plugin-image-picker/ELCAsset.m"; sourceTree = "<group>"; };
		29B97316FDCFA39411CA2CEA /* main.m */ = {isa = PBXFileReference; fileEncoding = 4; lastKnownFileType = sourcecode.c.objc; path = main.m; sourceTree = "<group>"; };
		2D8C25B464CA429BA7711B00 /* ELCAssetTablePicker.m */ = {isa = PBXFileReference; explicitFileType = undefined; fileEncoding = 4; includeInIndex = 0; lastKnownFileType = sourcecode.c.objc; name = ELCAssetTablePicker.m; path = "cordova-plugin-image-picker/ELCAssetTablePicker.m"; sourceTree = "<group>"; };
		301BF52D109A57CC0062928A /* CordovaLib.xcodeproj */ = {isa = PBXFileReference; lastKnownFileType = "wrapper.pb-project"; name = CordovaLib.xcodeproj; path = CordovaLib/CordovaLib.xcodeproj; sourceTree = "<group>"; };
		301BF56E109A69640062928A /* www */ = {isa = PBXFileReference; lastKnownFileType = folder; path = www; sourceTree = SOURCE_ROOT; };
		302D95EE14D2391D003F00A1 /* MainViewController.h */ = {isa = PBXFileReference; fileEncoding = 4; lastKnownFileType = sourcecode.c.h; path = MainViewController.h; sourceTree = "<group>"; };
		302D95EF14D2391D003F00A1 /* MainViewController.m */ = {isa = PBXFileReference; fileEncoding = 4; lastKnownFileType = sourcecode.c.objc; path = MainViewController.m; sourceTree = "<group>"; };
		302D95F014D2391D003F00A1 /* MainViewController.xib */ = {isa = PBXFileReference; fileEncoding = 4; lastKnownFileType = file.xib; path = MainViewController.xib; sourceTree = "<group>"; };
		3047A50F1AB8059700498E2A /* build-debug.xcconfig */ = {isa = PBXFileReference; fileEncoding = 4; lastKnownFileType = text.xcconfig; name = "build-debug.xcconfig"; path = "cordova/build-debug.xcconfig"; sourceTree = SOURCE_ROOT; };
		3047A5101AB8059700498E2A /* build-release.xcconfig */ = {isa = PBXFileReference; fileEncoding = 4; lastKnownFileType = text.xcconfig; name = "build-release.xcconfig"; path = "cordova/build-release.xcconfig"; sourceTree = SOURCE_ROOT; };
		3047A5111AB8059700498E2A /* build.xcconfig */ = {isa = PBXFileReference; fileEncoding = 4; lastKnownFileType = text.xcconfig; name = build.xcconfig; path = cordova/build.xcconfig; sourceTree = SOURCE_ROOT; };
		305FCB7AF26F4BFDBD6180B4 /* CDVNotification.bundle */ = {isa = PBXFileReference; explicitFileType = undefined; fileEncoding = 9; includeInIndex = 0; lastKnownFileType = "wrapper.plug-in"; path = CDVNotification.bundle; sourceTree = "<group>"; };
		32CA4F630368D1EE00C91783 /* Time-Prefix.pch */ = {isa = PBXFileReference; fileEncoding = 4; lastKnownFileType = sourcecode.c.h; path = "Time-Prefix.pch"; sourceTree = "<group>"; };
		32F8E083E2C1471D82D5E7DE /* SystemConfiguration.framework */ = {isa = PBXFileReference; explicitFileType = undefined; fileEncoding = 9; includeInIndex = 0; lastKnownFileType = wrapper.framework; name = SystemConfiguration.framework; path = System/Library/Frameworks/SystemConfiguration.framework; sourceTree = SDKROOT; };
		360CB8ED76534645AF941259 /* CDVFile.h */ = {isa = PBXFileReference; explicitFileType = undefined; fileEncoding = 4; includeInIndex = 0; lastKnownFileType = sourcecode.c.h; name = CDVFile.h; path = "cordova-plugin-file/CDVFile.h"; sourceTree = "<group>"; };
		3615C64E7F8C42D9AE9EC1A0 /* AddressBook.framework */ = {isa = PBXFileReference; explicitFileType = undefined; fileEncoding = 9; includeInIndex = 0; lastKnownFileType = wrapper.framework; name = AddressBook.framework; path = System/Library/Frameworks/AddressBook.framework; sourceTree = SDKROOT; };
		3B88F061017A450D83BCA4E9 /* ELCAsset.h */ = {isa = PBXFileReference; explicitFileType = undefined; fileEncoding = 4; includeInIndex = 0; lastKnownFileType = sourcecode.c.h; name = ELCAsset.h; path = "cordova-plugin-image-picker/ELCAsset.h"; sourceTree = "<group>"; };
		4906535FCDBE48E99285CC64 /* CDVCapture.m */ = {isa = PBXFileReference; explicitFileType = undefined; fileEncoding = 4; includeInIndex = 0; lastKnownFileType = sourcecode.c.objc; name = CDVCapture.m; path = "cordova-plugin-media-capture/CDVCapture.m"; sourceTree = "<group>"; };
		4B726BBA87074A18AE54048B /* CDVReachability.m */ = {isa = PBXFileReference; explicitFileType = undefined; fileEncoding = 4; includeInIndex = 0; lastKnownFileType = sourcecode.c.objc; name = CDVReachability.m; path = "cordova-plugin-network-information/CDVReachability.m"; sourceTree = "<group>"; };
		5974EEA8BD85446DB07D6EA6 /* CDVExif.h */ = {isa = PBXFileReference; explicitFileType = undefined; fileEncoding = 4; includeInIndex = 0; lastKnownFileType = sourcecode.c.h; name = CDVExif.h; path = "cordova-plugin-camera/CDVExif.h"; sourceTree = "<group>"; };
		5E16D54059A640FB9839986B /* CDVContact.h */ = {isa = PBXFileReference; explicitFileType = undefined; fileEncoding = 4; includeInIndex = 0; lastKnownFileType = sourcecode.c.h; name = CDVContact.h; path = "cordova-plugin-contacts/CDVContact.h"; sourceTree = "<group>"; };
		5E1C92BB36C04B9EB2FC4355 /* SOSPicker.h */ = {isa = PBXFileReference; explicitFileType = undefined; fileEncoding = 4; includeInIndex = 0; lastKnownFileType = sourcecode.c.h; name = SOSPicker.h; path = "cordova-plugin-image-picker/SOSPicker.h"; sourceTree = "<group>"; };
		6020C95D743C480482DE66F8 /* CDVCamera.h */ = {isa = PBXFileReference; explicitFileType = undefined; fileEncoding = 4; includeInIndex = 0; lastKnownFileType = sourcecode.c.h; name = CDVCamera.h; path = "cordova-plugin-camera/CDVCamera.h"; sourceTree = "<group>"; };
		607CD88A5D5544DF88588CD2 /* CDVStatusBar.h */ = {isa = PBXFileReference; explicitFileType = undefined; fileEncoding = 4; includeInIndex = 0; lastKnownFileType = sourcecode.c.h; name = CDVStatusBar.h; path = "cordova-plugin-statusbar/CDVStatusBar.h"; sourceTree = "<group>"; };
		645BE6284F2C4DA9ABBC658E /* CDVSound.m */ = {isa = PBXFileReference; explicitFileType = undefined; fileEncoding = 4; includeInIndex = 0; lastKnownFileType = sourcecode.c.objc; name = CDVSound.m; path = "cordova-plugin-media/CDVSound.m"; sourceTree = "<group>"; };
		6623DE8CF3FF43F89F71B609 /* CDVLocation.h */ = {isa = PBXFileReference; explicitFileType = undefined; fileEncoding = 4; includeInIndex = 0; lastKnownFileType = sourcecode.c.h; name = CDVLocation.h; path = "cordova-plugin-geolocation/CDVLocation.h"; sourceTree = "<group>"; };
		67F14EA4774F4BF58057991C /* CDVAccelerometer.m */ = {isa = PBXFileReference; explicitFileType = undefined; fileEncoding = 4; includeInIndex = 0; lastKnownFileType = sourcecode.c.objc; name = CDVAccelerometer.m; path = "cordova-plugin-device-motion/CDVAccelerometer.m"; sourceTree = "<group>"; };
		6FB4A5FC3F644E7B9074B518 /* CDVInAppBrowser.h */ = {isa = PBXFileReference; explicitFileType = undefined; fileEncoding = 4; includeInIndex = 0; lastKnownFileType = sourcecode.c.h; name = CDVInAppBrowser.h; path = "cordova-plugin-inappbrowser/CDVInAppBrowser.h"; sourceTree = "<group>"; };
		6FF7826DE4B54ABDAEB21A3E /* CDVAccelerometer.h */ = {isa = PBXFileReference; explicitFileType = undefined; fileEncoding = 4; includeInIndex = 0; lastKnownFileType = sourcecode.c.h; name = CDVAccelerometer.h; path = "cordova-plugin-device-motion/CDVAccelerometer.h"; sourceTree = "<group>"; };
		70CE5C44A48645DB80622439 /* CoreTelephony.framework */ = {isa = PBXFileReference; explicitFileType = undefined; fileEncoding = 9; includeInIndex = 0; lastKnownFileType = wrapper.framework; name = CoreTelephony.framework; path = System/Library/Frameworks/CoreTelephony.framework; sourceTree = SDKROOT; };
		72C3D5D169C441FC853A0472 /* CDVSplashScreen.h */ = {isa = PBXFileReference; explicitFileType = undefined; fileEncoding = 4; includeInIndex = 0; lastKnownFileType = sourcecode.c.h; name = CDVSplashScreen.h; path = "cordova-plugin-splashscreen/CDVSplashScreen.h"; sourceTree = "<group>"; };
		76E9541970374400A80FC6AC /* CDVLogger.h */ = {isa = PBXFileReference; explicitFileType = undefined; fileEncoding = 4; includeInIndex = 0; lastKnownFileType = sourcecode.c.h; name = CDVLogger.h; path = "cordova-plugin-console/CDVLogger.h"; sourceTree = "<group>"; };
		7A2E88605D324318839C5CE9 /* ELCImagePickerController.h */ = {isa = PBXFileReference; explicitFileType = undefined; fileEncoding = 4; includeInIndex = 0; lastKnownFileType = sourcecode.c.h; name = ELCImagePickerController.h; path = "cordova-plugin-image-picker/ELCImagePickerController.h"; sourceTree = "<group>"; };
		7B5436CDD4564C3884E87544 /* CoreMotion.framework */ = {isa = PBXFileReference; explicitFileType = undefined; fileEncoding = 9; includeInIndex = 0; lastKnownFileType = wrapper.framework; name = CoreMotion.framework; path = System/Library/Frameworks/CoreMotion.framework; sourceTree = SDKROOT; };
		7BFC17105FC94E1982F7FF2B /* CDVDevice.m */ = {isa = PBXFileReference; explicitFileType = undefined; fileEncoding = 4; includeInIndex = 0; lastKnownFileType = sourcecode.c.objc; name = CDVDevice.m; path = "cordova-plugin-device/CDVDevice.m"; sourceTree = "<group>"; };
		7C83B953B7F9437890CDE0A9 /* CDVViewController+SplashScreen.h */ = {isa = PBXFileReference; explicitFileType = undefined; fileEncoding = 4; includeInIndex = 0; lastKnownFileType = sourcecode.c.h; name = "CDVViewController+SplashScreen.h"; path = "cordova-plugin-splashscreen/CDVViewController+SplashScreen.h"; sourceTree = "<group>"; };
		7D6B36D3EF5040D4A062735B /* CDVInAppBrowser.m */ = {isa = PBXFileReference; explicitFileType = undefined; fileEncoding = 4; includeInIndex = 0; lastKnownFileType = sourcecode.c.objc; name = CDVInAppBrowser.m; path = "cordova-plugin-inappbrowser/CDVInAppBrowser.m"; sourceTree = "<group>"; };
		7EDD8AD9A8EB45AFB5351507 /* CDVSound.h */ = {isa = PBXFileReference; explicitFileType = undefined; fileEncoding = 4; includeInIndex = 0; lastKnownFileType = sourcecode.c.h; name = CDVSound.h; path = "cordova-plugin-media/CDVSound.h"; sourceTree = "<group>"; };
		832EF488B57545B1A3660EA8 /* CDVLogger.m */ = {isa = PBXFileReference; explicitFileType = undefined; fileEncoding = 4; includeInIndex = 0; lastKnownFileType = sourcecode.c.objc; name = CDVLogger.m; path = "cordova-plugin-console/CDVLogger.m"; sourceTree = "<group>"; };
		8452177FB2014F4C9DBFDE7C /* CDVContacts.m */ = {isa = PBXFileReference; explicitFileType = undefined; fileEncoding = 4; includeInIndex = 0; lastKnownFileType = sourcecode.c.objc; name = CDVContacts.m; path = "cordova-plugin-contacts/CDVContacts.m"; sourceTree = "<group>"; };
		8690BF4E87234E6D95B148D3 /* CDVGlobalization.m */ = {isa = PBXFileReference; explicitFileType = undefined; fileEncoding = 4; includeInIndex = 0; lastKnownFileType = sourcecode.c.objc; name = CDVGlobalization.m; path = "cordova-plugin-globalization/CDVGlobalization.m"; sourceTree = "<group>"; };
		8769B79481424CEDBA16EF51 /* CDVStatusBar.m */ = {isa = PBXFileReference; explicitFileType = undefined; fileEncoding = 4; includeInIndex = 0; lastKnownFileType = sourcecode.c.objc; name = CDVStatusBar.m; path = "cordova-plugin-statusbar/CDVStatusBar.m"; sourceTree = "<group>"; };
		8CBD8C80EB3843E591CA35CF /* CDVConnection.h */ = {isa = PBXFileReference; explicitFileType = undefined; fileEncoding = 4; includeInIndex = 0; lastKnownFileType = sourcecode.c.h; name = CDVConnection.h; path = "cordova-plugin-network-information/CDVConnection.h"; sourceTree = "<group>"; };
		8D1107310486CEB800E47090 /* Time-Info.plist */ = {isa = PBXFileReference; fileEncoding = 4; lastKnownFileType = text.plist.xml; name = "Time-Info.plist"; path = "Time/Time-Info.plist"; plistStructureDefinitionIdentifier = "com.apple.xcode.plist.structure-definition.iphone.info-plist"; sourceTree = SOURCE_ROOT; };
		8F4FB8090EBA422E87596B3D /* AudioToolbox.framework */ = {isa = PBXFileReference; explicitFileType = undefined; fileEncoding = 9; includeInIndex = 0; lastKnownFileType = wrapper.framework; name = AudioToolbox.framework; path = System/Library/Frameworks/AudioToolbox.framework; sourceTree = SDKROOT; };
		8F6919CAC98341ED9FF0D35F /* CDVJpegHeaderWriter.h */ = {isa = PBXFileReference; explicitFileType = undefined; fileEncoding = 4; includeInIndex = 0; lastKnownFileType = sourcecode.c.h; name = CDVJpegHeaderWriter.h; path = "cordova-plugin-camera/CDVJpegHeaderWriter.h"; sourceTree = "<group>"; };
		97FE5F0B4CB048048879F46C /* ELCAssetPicker.xib */ = {isa = PBXFileReference; explicitFileType = undefined; fileEncoding = 9; includeInIndex = 0; lastKnownFileType = file.xib; path = ELCAssetPicker.xib; sourceTree = "<group>"; };
		9B4A2881748648C6B406A320 /* ELCAssetTablePicker.xib */ = {isa = PBXFileReference; explicitFileType = undefined; fileEncoding = 9; includeInIndex = 0; lastKnownFileType = file.xib; path = ELCAssetTablePicker.xib; sourceTree = "<group>"; };
		9B4C90D0B6DC4516ABE93C29 /* CDVNotification.m */ = {isa = PBXFileReference; explicitFileType = undefined; fileEncoding = 4; includeInIndex = 0; lastKnownFileType = sourcecode.c.objc; name = CDVNotification.m; path = "cordova-plugin-dialogs/CDVNotification.m"; sourceTree = "<group>"; };
		9B5A449F492C47D591462711 /* CDVAssetLibraryFilesystem.h */ = {isa = PBXFileReference; explicitFileType = undefined; fileEncoding = 4; includeInIndex = 0; lastKnownFileType = sourcecode.c.h; name = CDVAssetLibraryFilesystem.h; path = "cordova-plugin-file/CDVAssetLibraryFilesystem.h"; sourceTree = "<group>"; };
		9DD4609A9B824D138B9D4594 /* CDVAssetLibraryFilesystem.m */ = {isa = PBXFileReference; explicitFileType = undefined; fileEncoding = 4; includeInIndex = 0; lastKnownFileType = sourcecode.c.objc; name = CDVAssetLibraryFilesystem.m; path = "cordova-plugin-file/CDVAssetLibraryFilesystem.m"; sourceTree = "<group>"; };
		9F998E3268214ADAAC4E6D78 /* CDVSplashScreen.m */ = {isa = PBXFileReference; explicitFileType = undefined; fileEncoding = 4; includeInIndex = 0; lastKnownFileType = sourcecode.c.objc; name = CDVSplashScreen.m; path = "cordova-plugin-splashscreen/CDVSplashScreen.m"; sourceTree = "<group>"; };
		A41D4CCB4E724C0EB25C81C9 /* CDVNotification.h */ = {isa = PBXFileReference; explicitFileType = undefined; fileEncoding = 4; includeInIndex = 0; lastKnownFileType = sourcecode.c.h; name = CDVNotification.h; path = "cordova-plugin-dialogs/CDVNotification.h"; sourceTree = "<group>"; };
		A6C765DE52524D6490FF3570 /* CDVFileTransfer.m */ = {isa = PBXFileReference; explicitFileType = undefined; fileEncoding = 4; includeInIndex = 0; lastKnownFileType = sourcecode.c.objc; name = CDVFileTransfer.m; path = "cordova-plugin-file-transfer/CDVFileTransfer.m"; sourceTree = "<group>"; };
		A78107BA9E874AFD9801068A /* CDVCamera.m */ = {isa = PBXFileReference; explicitFileType = undefined; fileEncoding = 4; includeInIndex = 0; lastKnownFileType = sourcecode.c.objc; name = CDVCamera.m; path = "cordova-plugin-camera/CDVCamera.m"; sourceTree = "<group>"; };
		A80ECF28AFDB4B79BEAF5A0D /* ELCAssetSelectionDelegate.h */ = {isa = PBXFileReference; explicitFileType = undefined; fileEncoding = 4; includeInIndex = 0; lastKnownFileType = sourcecode.c.h; name = ELCAssetSelectionDelegate.h; path = "cordova-plugin-image-picker/ELCAssetSelectionDelegate.h"; sourceTree = "<group>"; };
		A9F799B1DD2F4341B1617DA6 /* ImageIO.framework */ = {isa = PBXFileReference; explicitFileType = undefined; fileEncoding = 9; includeInIndex = 0; lastKnownFileType = wrapper.framework; name = ImageIO.framework; path = System/Library/Frameworks/ImageIO.framework; sourceTree = SDKROOT; };
		AD84FD773DE94D25B33156DA /* CDVVibration.h */ = {isa = PBXFileReference; explicitFileType = undefined; fileEncoding = 4; includeInIndex = 0; lastKnownFileType = sourcecode.c.h; name = CDVVibration.h; path = "cordova-plugin-vibration/CDVVibration.h"; sourceTree = "<group>"; };
		B3E0180FFB574539B3E5309C /* CDVContact.m */ = {isa = PBXFileReference; explicitFileType = undefined; fileEncoding = 4; includeInIndex = 0; lastKnownFileType = sourcecode.c.objc; name = CDVContact.m; path = "cordova-plugin-contacts/CDVContact.m"; sourceTree = "<group>"; };
		B7B8B42F9D75464DACE5F07F /* ELCAssetTablePicker.h */ = {isa = PBXFileReference; explicitFileType = undefined; fileEncoding = 4; includeInIndex = 0; lastKnownFileType = sourcecode.c.h; name = ELCAssetTablePicker.h; path = "cordova-plugin-image-picker/ELCAssetTablePicker.h"; sourceTree = "<group>"; };
		BAF285AE72874AF88928A68F /* CDVLocalFilesystem.h */ = {isa = PBXFileReference; explicitFileType = undefined; fileEncoding = 4; includeInIndex = 0; lastKnownFileType = sourcecode.c.h; name = CDVLocalFilesystem.h; path = "cordova-plugin-file/CDVLocalFilesystem.h"; sourceTree = "<group>"; };
		BC669D8D64EA4E538BF8457B /* CDVBattery.h */ = {isa = PBXFileReference; explicitFileType = undefined; fileEncoding = 4; includeInIndex = 0; lastKnownFileType = sourcecode.c.h; name = CDVBattery.h; path = "cordova-plugin-battery-status/CDVBattery.h"; sourceTree = "<group>"; };
		C0BD84A0CFAF441D9B814B70 /* CDVContacts.h */ = {isa = PBXFileReference; explicitFileType = undefined; fileEncoding = 4; includeInIndex = 0; lastKnownFileType = sourcecode.c.h; name = CDVContacts.h; path = "cordova-plugin-contacts/CDVContacts.h"; sourceTree = "<group>"; };
		C665366CD2CF456E88528AA9 /* ELCAlbumPickerController.m */ = {isa = PBXFileReference; explicitFileType = undefined; fileEncoding = 4; includeInIndex = 0; lastKnownFileType = sourcecode.c.objc; name = ELCAlbumPickerController.m; path = "cordova-plugin-image-picker/ELCAlbumPickerController.m"; sourceTree = "<group>"; };
		CAE8D1216749408B9FB532D7 /* ELCAssetCell.h */ = {isa = PBXFileReference; explicitFileType = undefined; fileEncoding = 4; includeInIndex = 0; lastKnownFileType = sourcecode.c.h; name = ELCAssetCell.h; path = "cordova-plugin-image-picker/ELCAssetCell.h"; sourceTree = "<group>"; };
		CF1EA16B80964667B02DE400 /* UIImage+CropScaleOrientation.m */ = {isa = PBXFileReference; explicitFileType = undefined; fileEncoding = 4; includeInIndex = 0; lastKnownFileType = sourcecode.c.objc; name = "UIImage+CropScaleOrientation.m"; path = "cordova-plugin-camera/UIImage+CropScaleOrientation.m"; sourceTree = "<group>"; };
		CFF26519FC4741468481FA21 /* CDVConnection.m */ = {isa = PBXFileReference; explicitFileType = undefined; fileEncoding = 4; includeInIndex = 0; lastKnownFileType = sourcecode.c.objc; name = CDVConnection.m; path = "cordova-plugin-network-information/CDVConnection.m"; sourceTree = "<group>"; };
		D1E4DA1CAB1A48388C28FBC2 /* CDVLocation.m */ = {isa = PBXFileReference; explicitFileType = undefined; fileEncoding = 4; includeInIndex = 0; lastKnownFileType = sourcecode.c.objc; name = CDVLocation.m; path = "cordova-plugin-geolocation/CDVLocation.m"; sourceTree = "<group>"; };
		D209039DB60C44249EA94EF5 /* CDVLocalFilesystem.m */ = {isa = PBXFileReference; explicitFileType = undefined; fileEncoding = 4; includeInIndex = 0; lastKnownFileType = sourcecode.c.objc; name = CDVLocalFilesystem.m; path = "cordova-plugin-file/CDVLocalFilesystem.m"; sourceTree = "<group>"; };
		D2DAEED2C64E4368B6C67AB8 /* CDVDevice.h */ = {isa = PBXFileReference; explicitFileType = undefined; fileEncoding = 4; includeInIndex = 0; lastKnownFileType = sourcecode.c.h; name = CDVDevice.h; path = "cordova-plugin-device/CDVDevice.h"; sourceTree = "<group>"; };
		D45BFA9E9E0F4BCBAAC12458 /* ELCAssetCell.m */ = {isa = PBXFileReference; explicitFileType = undefined; fileEncoding = 4; includeInIndex = 0; lastKnownFileType = sourcecode.c.objc; name = ELCAssetCell.m; path = "cordova-plugin-image-picker/ELCAssetCell.m"; sourceTree = "<group>"; };
		D83E6C1FC297460391BF801D /* ELCAlbumPickerController.xib */ = {isa = PBXFileReference; explicitFileType = undefined; fileEncoding = 9; includeInIndex = 0; lastKnownFileType = file.xib; path = ELCAlbumPickerController.xib; sourceTree = "<group>"; };
		DBE38164CBF5491287976D42 /* CDVFileTransfer.h */ = {isa = PBXFileReference; explicitFileType = undefined; fileEncoding = 4; includeInIndex = 0; lastKnownFileType = sourcecode.c.h; name = CDVFileTransfer.h; path = "cordova-plugin-file-transfer/CDVFileTransfer.h"; sourceTree = "<group>"; };
		DCC17C0474EF49EDB58F986F /* ELCAssetPickerFilterDelegate.h */ = {isa = PBXFileReference; explicitFileType = undefined; fileEncoding = 4; includeInIndex = 0; lastKnownFileType = sourcecode.c.h; name = ELCAssetPickerFilterDelegate.h; path = "cordova-plugin-image-picker/ELCAssetPickerFilterDelegate.h"; sourceTree = "<group>"; };
		DD7665BF170F45048BB0CD64 /* AVFoundation.framework */ = {isa = PBXFileReference; explicitFileType = undefined; fileEncoding = 9; includeInIndex = 0; lastKnownFileType = wrapper.framework; name = AVFoundation.framework; path = System/Library/Frameworks/AVFoundation.framework; sourceTree = SDKROOT; };
		DF84C5E657BD476A905490B3 /* CDVReachability.h */ = {isa = PBXFileReference; explicitFileType = undefined; fileEncoding = 4; includeInIndex = 0; lastKnownFileType = sourcecode.c.h; name = CDVReachability.h; path = "cordova-plugin-network-information/CDVReachability.h"; sourceTree = "<group>"; };
		DF934D958D5E4C54B6556AE8 /* AddressBookUI.framework */ = {isa = PBXFileReference; explicitFileType = undefined; fileEncoding = 9; includeInIndex = 0; lastKnownFileType = wrapper.framework; name = AddressBookUI.framework; path = System/Library/Frameworks/AddressBookUI.framework; sourceTree = SDKROOT; };
		E10DE43FF37144059E995008 /* CDVVibration.m */ = {isa = PBXFileReference; explicitFileType = undefined; fileEncoding = 4; includeInIndex = 0; lastKnownFileType = sourcecode.c.objc; name = CDVVibration.m; path = "cordova-plugin-vibration/CDVVibration.m"; sourceTree = "<group>"; };
		E435F929687542C49ED3B44E /* CoreLocation.framework */ = {isa = PBXFileReference; explicitFileType = undefined; fileEncoding = 9; includeInIndex = 0; lastKnownFileType = wrapper.framework; name = CoreLocation.framework; path = System/Library/Frameworks/CoreLocation.framework; sourceTree = SDKROOT; };
		E4AA810F8AFC4DB2ABA63F46 /* SOSPicker.m */ = {isa = PBXFileReference; explicitFileType = undefined; fileEncoding = 4; includeInIndex = 0; lastKnownFileType = sourcecode.c.objc; name = SOSPicker.m; path = "cordova-plugin-image-picker/SOSPicker.m"; sourceTree = "<group>"; };
		E5EB5B66ADEF472FB9905AA0 /* Overlay@2x.png */ = {isa = PBXFileReference; explicitFileType = undefined; fileEncoding = 9; includeInIndex = 0; lastKnownFileType = unknown; path = "Overlay@2x.png"; sourceTree = "<group>"; };
		E6242E86D37448FBA4AE2377 /* UIImage+CropScaleOrientation.h */ = {isa = PBXFileReference; explicitFileType = undefined; fileEncoding = 4; includeInIndex = 0; lastKnownFileType = sourcecode.c.h; name = "UIImage+CropScaleOrientation.h"; path = "cordova-plugin-camera/UIImage+CropScaleOrientation.h"; sourceTree = "<group>"; };
		EB87FDF31871DA8E0020F90C /* www */ = {isa = PBXFileReference; lastKnownFileType = folder; name = www; path = ../../www; sourceTree = "<group>"; };
		EB87FDF41871DAF40020F90C /* config.xml */ = {isa = PBXFileReference; lastKnownFileType = text.xml; name = config.xml; path = ../../config.xml; sourceTree = "<group>"; };
		ED33DF2A687741AEAF9F8254 /* Bridging-Header.h */ = {isa = PBXFileReference; fileEncoding = 4; lastKnownFileType = sourcecode.c.h; path = "Bridging-Header.h"; sourceTree = "<group>"; };
		EED0A125805744A48388602B /* CDVCapture.bundle */ = {isa = PBXFileReference; explicitFileType = undefined; fileEncoding = 9; includeInIndex = 0; lastKnownFileType = "wrapper.plug-in"; path = CDVCapture.bundle; sourceTree = "<group>"; };
		F309140C013F4E2B92F08D64 /* CDVFile.m */ = {isa = PBXFileReference; explicitFileType = undefined; fileEncoding = 4; includeInIndex = 0; lastKnownFileType = sourcecode.c.objc; name = CDVFile.m; path = "cordova-plugin-file/CDVFile.m"; sourceTree = "<group>"; };
		F840E1F0165FE0F500CFE078 /* config.xml */ = {isa = PBXFileReference; lastKnownFileType = text.xml; name = config.xml; path = Time/config.xml; sourceTree = "<group>"; };
/* End PBXFileReference section */

/* Begin PBXFrameworksBuildPhase section */
		1D60588F0D05DD3D006BFB54 /* Frameworks */ = {
			isa = PBXFrameworksBuildPhase;
			buildActionMask = 2147483647;
			files = (
				301BF552109A68D80062928A /* libCordova.a in Frameworks */,
				3C323FA6268E4024B72A1A38 /* ImageIO.framework in Frameworks */,
				D9AD31BDD9B9433EA973A328 /* CoreLocation.framework in Frameworks */,
				EEEA956C7FA146CEA721CBA4 /* AVFoundation.framework in Frameworks */,
				C7985CC8C6B443A98C4FD364 /* AddressBook.framework in Frameworks */,
				781D6AB7007D4C5DB0FC4403 /* AddressBookUI.framework in Frameworks */,
				E750456B127D48F895290904 /* CoreMotion.framework in Frameworks */,
				F0258DC1DB34451690A3A30A /* AudioToolbox.framework in Frameworks */,
				B6BC511F054D4183B5A05882 /* SystemConfiguration.framework in Frameworks */,
				57F115C6B2E547B9AA160270 /* CoreTelephony.framework in Frameworks */,
			);
			runOnlyForDeploymentPostprocessing = 0;
		};
/* End PBXFrameworksBuildPhase section */

/* Begin PBXGroup section */
		080E96DDFE201D6D7F000001 /* Classes */ = {
			isa = PBXGroup;
			children = (
				302D95EE14D2391D003F00A1 /* MainViewController.h */,
				302D95EF14D2391D003F00A1 /* MainViewController.m */,
				302D95F014D2391D003F00A1 /* MainViewController.xib */,
				1D3623240D0F684500981E51 /* AppDelegate.h */,
				1D3623250D0F684500981E51 /* AppDelegate.m */,
			);
			name = Classes;
			path = Time/Classes;
			sourceTree = SOURCE_ROOT;
		};
		19C28FACFE9D520D11CA2CBB /* Products */ = {
			isa = PBXGroup;
			children = (
				1D6058910D05DD3D006BFB54 /* Time.app */,
			);
			name = Products;
			sourceTree = "<group>";
		};
		29B97314FDCFA39411CA2CEA /* CustomTemplate */ = {
			isa = PBXGroup;
			children = (
				EB87FDF41871DAF40020F90C /* config.xml */,
				EB87FDF31871DA8E0020F90C /* www */,
				EB87FDF11871DA420020F90C /* Staging */,
				301BF52D109A57CC0062928A /* CordovaLib.xcodeproj */,
				080E96DDFE201D6D7F000001 /* Classes */,
				307C750510C5A3420062BCA9 /* Plugins */,
				29B97315FDCFA39411CA2CEA /* Other Sources */,
				29B97317FDCFA39411CA2CEA /* Resources */,
				29B97323FDCFA39411CA2CEA /* Frameworks */,
				19C28FACFE9D520D11CA2CBB /* Products */,
			);
			name = CustomTemplate;
			sourceTree = "<group>";
		};
		29B97315FDCFA39411CA2CEA /* Other Sources */ = {
			isa = PBXGroup;
			children = (
				32CA4F630368D1EE00C91783 /* Time-Prefix.pch */,
				29B97316FDCFA39411CA2CEA /* main.m */,
				ED33DF2A687741AEAF9F8254 /* Bridging-Header.h */,
			);
			name = "Other Sources";
			path = Time;
			sourceTree = "<group>";
		};
		29B97317FDCFA39411CA2CEA /* Resources */ = {
			isa = PBXGroup;
			children = (
				0207DA571B56EA530066E2B4 /* Images.xcassets */,
				3047A50E1AB8057F00498E2A /* config */,
				8D1107310486CEB800E47090 /* Time-Info.plist */,
				305FCB7AF26F4BFDBD6180B4 /* CDVNotification.bundle */,
				D83E6C1FC297460391BF801D /* ELCAlbumPickerController.xib */,
				97FE5F0B4CB048048879F46C /* ELCAssetPicker.xib */,
				9B4A2881748648C6B406A320 /* ELCAssetTablePicker.xib */,
				06A5A454BE9F44A2B50DE779 /* Overlay.png */,
				E5EB5B66ADEF472FB9905AA0 /* Overlay@2x.png */,
				EED0A125805744A48388602B /* CDVCapture.bundle */,
			);
			name = Resources;
			path = Time/Resources;
			sourceTree = "<group>";
		};
		29B97323FDCFA39411CA2CEA /* Frameworks */ = {
			isa = PBXGroup;
			children = (
				A9F799B1DD2F4341B1617DA6 /* ImageIO.framework */,
				E435F929687542C49ED3B44E /* CoreLocation.framework */,
				DD7665BF170F45048BB0CD64 /* AVFoundation.framework */,
				3615C64E7F8C42D9AE9EC1A0 /* AddressBook.framework */,
				DF934D958D5E4C54B6556AE8 /* AddressBookUI.framework */,
				7B5436CDD4564C3884E87544 /* CoreMotion.framework */,
				8F4FB8090EBA422E87596B3D /* AudioToolbox.framework */,
				32F8E083E2C1471D82D5E7DE /* SystemConfiguration.framework */,
				70CE5C44A48645DB80622439 /* CoreTelephony.framework */,
			);
			name = Frameworks;
			sourceTree = "<group>";
		};
		301BF52E109A57CC0062928A /* Products */ = {
			isa = PBXGroup;
			children = (
				301BF535109A57CC0062928A /* libCordova.a */,
			);
			name = Products;
			sourceTree = "<group>";
		};
		3047A50E1AB8057F00498E2A /* config */ = {
			isa = PBXGroup;
			children = (
				3047A50F1AB8059700498E2A /* build-debug.xcconfig */,
				3047A5101AB8059700498E2A /* build-release.xcconfig */,
				3047A5111AB8059700498E2A /* build.xcconfig */,
			);
			name = config;
			sourceTree = "<group>";
		};
		307C750510C5A3420062BCA9 /* Plugins */ = {
			isa = PBXGroup;
			children = (
				0396BEF0035A4BE08DE5407A /* CDVBattery.m */,
				BC669D8D64EA4E538BF8457B /* CDVBattery.h */,
				CF1EA16B80964667B02DE400 /* UIImage+CropScaleOrientation.m */,
				A78107BA9E874AFD9801068A /* CDVCamera.m */,
				1CF4643C76E645CF9AE27850 /* CDVJpegHeaderWriter.m */,
				E6242E86D37448FBA4AE2377 /* UIImage+CropScaleOrientation.h */,
				6020C95D743C480482DE66F8 /* CDVCamera.h */,
				8F6919CAC98341ED9FF0D35F /* CDVJpegHeaderWriter.h */,
				5974EEA8BD85446DB07D6EA6 /* CDVExif.h */,
				832EF488B57545B1A3660EA8 /* CDVLogger.m */,
				76E9541970374400A80FC6AC /* CDVLogger.h */,
				8452177FB2014F4C9DBFDE7C /* CDVContacts.m */,
				B3E0180FFB574539B3E5309C /* CDVContact.m */,
				C0BD84A0CFAF441D9B814B70 /* CDVContacts.h */,
				5E16D54059A640FB9839986B /* CDVContact.h */,
				7BFC17105FC94E1982F7FF2B /* CDVDevice.m */,
				D2DAEED2C64E4368B6C67AB8 /* CDVDevice.h */,
				67F14EA4774F4BF58057991C /* CDVAccelerometer.m */,
				6FF7826DE4B54ABDAEB21A3E /* CDVAccelerometer.h */,
				06054E8D58B146E0A0C921D2 /* CDVCompass.m */,
				11EC9A83A79D479496C549C0 /* CDVCompass.h */,
				9B4C90D0B6DC4516ABE93C29 /* CDVNotification.m */,
				A41D4CCB4E724C0EB25C81C9 /* CDVNotification.h */,
				F309140C013F4E2B92F08D64 /* CDVFile.m */,
				D209039DB60C44249EA94EF5 /* CDVLocalFilesystem.m */,
				9DD4609A9B824D138B9D4594 /* CDVAssetLibraryFilesystem.m */,
				360CB8ED76534645AF941259 /* CDVFile.h */,
				BAF285AE72874AF88928A68F /* CDVLocalFilesystem.h */,
				9B5A449F492C47D591462711 /* CDVAssetLibraryFilesystem.h */,
				A6C765DE52524D6490FF3570 /* CDVFileTransfer.m */,
				DBE38164CBF5491287976D42 /* CDVFileTransfer.h */,
				D1E4DA1CAB1A48388C28FBC2 /* CDVLocation.m */,
				6623DE8CF3FF43F89F71B609 /* CDVLocation.h */,
				8690BF4E87234E6D95B148D3 /* CDVGlobalization.m */,
				1E2025296A8648E982408A54 /* CDVGlobalization.h */,
				E4AA810F8AFC4DB2ABA63F46 /* SOSPicker.m */,
				C665366CD2CF456E88528AA9 /* ELCAlbumPickerController.m */,
				25E0359E920B4A3583A22EF3 /* ELCAsset.m */,
				D45BFA9E9E0F4BCBAAC12458 /* ELCAssetCell.m */,
				2D8C25B464CA429BA7711B00 /* ELCAssetTablePicker.m */,
				11CFA09CE61D42148D058E09 /* ELCImagePickerController.m */,
				5E1C92BB36C04B9EB2FC4355 /* SOSPicker.h */,
				023B9D29C5C748538B39D035 /* ELCAlbumPickerController.h */,
				3B88F061017A450D83BCA4E9 /* ELCAsset.h */,
				CAE8D1216749408B9FB532D7 /* ELCAssetCell.h */,
				DCC17C0474EF49EDB58F986F /* ELCAssetPickerFilterDelegate.h */,
				A80ECF28AFDB4B79BEAF5A0D /* ELCAssetSelectionDelegate.h */,
				B7B8B42F9D75464DACE5F07F /* ELCAssetTablePicker.h */,
				7A2E88605D324318839C5CE9 /* ELCImagePickerController.h */,
				7D6B36D3EF5040D4A062735B /* CDVInAppBrowser.m */,
				6FB4A5FC3F644E7B9074B518 /* CDVInAppBrowser.h */,
				645BE6284F2C4DA9ABBC658E /* CDVSound.m */,
				7EDD8AD9A8EB45AFB5351507 /* CDVSound.h */,
				4906535FCDBE48E99285CC64 /* CDVCapture.m */,
				0EBCC25BB2EF49E6A4C9E1BE /* CDVCapture.h */,
				CFF26519FC4741468481FA21 /* CDVConnection.m */,
				4B726BBA87074A18AE54048B /* CDVReachability.m */,
				8CBD8C80EB3843E591CA35CF /* CDVConnection.h */,
				DF84C5E657BD476A905490B3 /* CDVReachability.h */,
				9F998E3268214ADAAC4E6D78 /* CDVSplashScreen.m */,
				06AE7E8D85684B8D86B5D7CA /* CDVViewController+SplashScreen.m */,
				72C3D5D169C441FC853A0472 /* CDVSplashScreen.h */,
				7C83B953B7F9437890CDE0A9 /* CDVViewController+SplashScreen.h */,
				8769B79481424CEDBA16EF51 /* CDVStatusBar.m */,
				607CD88A5D5544DF88588CD2 /* CDVStatusBar.h */,
				E10DE43FF37144059E995008 /* CDVVibration.m */,
				AD84FD773DE94D25B33156DA /* CDVVibration.h */,
			);
			name = Plugins;
			path = Time/Plugins;
			sourceTree = SOURCE_ROOT;
		};
		EB87FDF11871DA420020F90C /* Staging */ = {
			isa = PBXGroup;
			children = (
				F840E1F0165FE0F500CFE078 /* config.xml */,
				301BF56E109A69640062928A /* www */,
			);
			name = Staging;
			sourceTree = "<group>";
		};
/* End PBXGroup section */

/* Begin PBXNativeTarget section */
		1D6058900D05DD3D006BFB54 /* Time */ = {
			isa = PBXNativeTarget;
			buildConfigurationList = 1D6058960D05DD3E006BFB54 /* Build configuration list for PBXNativeTarget "Time" */;
			buildPhases = (
				304B58A110DAC018002A0835 /* Copy www directory */,
				1D60588D0D05DD3D006BFB54 /* Resources */,
				1D60588E0D05DD3D006BFB54 /* Sources */,
				1D60588F0D05DD3D006BFB54 /* Frameworks */,
			);
			buildRules = (
			);
			dependencies = (
				301BF551109A68C00062928A /* PBXTargetDependency */,
			);
			name = Time;
			productName = Time;
			productReference = 1D6058910D05DD3D006BFB54 /* Time.app */;
			productType = "com.apple.product-type.application";
		};
/* End PBXNativeTarget section */

/* Begin PBXProject section */
		29B97313FDCFA39411CA2CEA /* Project object */ = {
			isa = PBXProject;
			attributes = {
				LastUpgradeCheck = 510;
				TargetAttributes = {
					1D6058900D05DD3D006BFB54 = {
						DevelopmentTeam = NYL39WK73L;
					};
				};
			};
			buildConfigurationList = C01FCF4E08A954540054247B /* Build configuration list for PBXProject "Time" */;
			compatibilityVersion = "Xcode 3.2";
			developmentRegion = English;
			hasScannedForEncodings = 1;
			knownRegions = (
				en,
			);
			mainGroup = 29B97314FDCFA39411CA2CEA /* CustomTemplate */;
			projectDirPath = "";
			projectReferences = (
				{
					ProductGroup = 301BF52E109A57CC0062928A /* Products */;
					ProjectRef = 301BF52D109A57CC0062928A /* CordovaLib.xcodeproj */;
				},
			);
			projectRoot = "";
			targets = (
				1D6058900D05DD3D006BFB54 /* Time */,
			);
		};
/* End PBXProject section */

/* Begin PBXReferenceProxy section */
		301BF535109A57CC0062928A /* libCordova.a */ = {
			isa = PBXReferenceProxy;
			fileType = archive.ar;
			path = libCordova.a;
			remoteRef = 301BF534109A57CC0062928A /* PBXContainerItemProxy */;
			sourceTree = BUILT_PRODUCTS_DIR;
		};
/* End PBXReferenceProxy section */

/* Begin PBXResourcesBuildPhase section */
		1D60588D0D05DD3D006BFB54 /* Resources */ = {
			isa = PBXResourcesBuildPhase;
			buildActionMask = 2147483647;
			files = (
				302D95F214D2391D003F00A1 /* MainViewController.xib in Resources */,
				3047A5131AB8059700498E2A /* build-release.xcconfig in Resources */,
				3047A5141AB8059700498E2A /* build.xcconfig in Resources */,
				0207DA581B56EA530066E2B4 /* Images.xcassets in Resources */,
				3047A5121AB8059700498E2A /* build-debug.xcconfig in Resources */,
				5E1A22C0AA8D4E56B2A531BB /* CDVNotification.bundle in Resources */,
				A57783CAD9434970A6B242F0 /* ELCAlbumPickerController.xib in Resources */,
				263769A8454949008CA89BEE /* ELCAssetPicker.xib in Resources */,
				1C27FE98C5A74062B96889D4 /* ELCAssetTablePicker.xib in Resources */,
				814724B1C4A045A299D2D054 /* Overlay.png in Resources */,
				E40F4E363B12437189D48ED9 /* Overlay@2x.png in Resources */,
				09D62D1E7EAC46C5B78CCD16 /* CDVCapture.bundle in Resources */,
			);
			runOnlyForDeploymentPostprocessing = 0;
		};
/* End PBXResourcesBuildPhase section */

/* Begin PBXShellScriptBuildPhase section */
		304B58A110DAC018002A0835 /* Copy www directory */ = {
			isa = PBXShellScriptBuildPhase;
			buildActionMask = 2147483647;
			files = (
			);
			inputPaths = (
			);
			name = "Copy www directory";
			outputPaths = (
			);
			runOnlyForDeploymentPostprocessing = 0;
			shellPath = /bin/sh;
			shellScript = "NODEJS_PATH=/usr/local/bin; NVM_NODE_PATH=~/.nvm/versions/node/`nvm version 2>/dev/null`/bin; N_NODE_PATH=`find /usr/local/n/versions/node/* -maxdepth 0 -type d 2>/dev/null | tail -1`/bin; XCODE_NODE_PATH=`xcode-select --print-path`/usr/share/xcs/Node/bin; PATH=$NODEJS_PATH:$NVM_NODE_PATH:$N_NODE_PATH:$XCODE_NODE_PATH:$PATH && node cordova/lib/copy-www-build-step.js";
			showEnvVarsInLog = 0;
		};
/* End PBXShellScriptBuildPhase section */

/* Begin PBXSourcesBuildPhase section */
		1D60588E0D05DD3D006BFB54 /* Sources */ = {
			isa = PBXSourcesBuildPhase;
			buildActionMask = 2147483647;
			files = (
				1D60589B0D05DD56006BFB54 /* main.m in Sources */,
				1D3623260D0F684500981E51 /* AppDelegate.m in Sources */,
				302D95F114D2391D003F00A1 /* MainViewController.m in Sources */,
				AE55DADCAFF94738ABA14531 /* CDVBattery.m in Sources */,
				AA0FC5E6109241D0B427F33E /* UIImage+CropScaleOrientation.m in Sources */,
				8CEDE220C8814EA5A9A761A2 /* CDVCamera.m in Sources */,
				955E540CD84D40B187B5689E /* CDVJpegHeaderWriter.m in Sources */,
				304B530897424DFD855986F2 /* CDVLogger.m in Sources */,
				6B8D65D3B7F742F19799784A /* CDVContacts.m in Sources */,
				F622F03C1F2E4DE0A528148D /* CDVContact.m in Sources */,
				BF5AA83BA17A4E7FA8063EB0 /* CDVDevice.m in Sources */,
				B67C0B6517424347963B61E0 /* CDVAccelerometer.m in Sources */,
				14C9D87F38DC4A7B80198562 /* CDVCompass.m in Sources */,
				31193926D14741479C281E1A /* CDVNotification.m in Sources */,
				67D68FCE65CF427B90EF406A /* CDVFile.m in Sources */,
				1AB10BB2C7ED4D2788B05127 /* CDVLocalFilesystem.m in Sources */,
				959BF43851CA48079E112BAA /* CDVAssetLibraryFilesystem.m in Sources */,
				CC28876CEF654650B9F26DCE /* CDVFileTransfer.m in Sources */,
				058ABF9B5B9A4DBF88320933 /* CDVLocation.m in Sources */,
				E231AF9D96CE401F808BD6E1 /* CDVGlobalization.m in Sources */,
				0AF4FB113951431EB9208750 /* SOSPicker.m in Sources */,
				38278D43C8F140A092C4EBA1 /* ELCAlbumPickerController.m in Sources */,
				BA38282ACE1A40F18FE89C43 /* ELCAsset.m in Sources */,
				BD8D083E74434C5C8E5A3D56 /* ELCAssetCell.m in Sources */,
				2B272192C3184F58AE07D411 /* ELCAssetTablePicker.m in Sources */,
				AA1EE465FA034E47A91DD9BE /* ELCImagePickerController.m in Sources */,
				DE9C9FC13C8F4095840B1D2B /* CDVInAppBrowser.m in Sources */,
				DE1A0510395D4758AFCE3360 /* CDVSound.m in Sources */,
				3797004532A9464BBF153BBF /* CDVCapture.m in Sources */,
				0C18218B2BA744B4936AF32A /* CDVConnection.m in Sources */,
				DC0917AE2DFE4BC9B3A10AA2 /* CDVReachability.m in Sources */,
				62D73506DC3F4A6DBBBE3CA7 /* CDVSplashScreen.m in Sources */,
				06332C4F2E064ED29123932B /* CDVViewController+SplashScreen.m in Sources */,
				5E03941767C84DA9AF7D21D5 /* CDVStatusBar.m in Sources */,
				B32FE32A76AF4BDFABF6A531 /* CDVVibration.m in Sources */,
			);
			runOnlyForDeploymentPostprocessing = 0;
		};
/* End PBXSourcesBuildPhase section */

/* Begin PBXTargetDependency section */
		301BF551109A68C00062928A /* PBXTargetDependency */ = {
			isa = PBXTargetDependency;
			name = CordovaLib;
			targetProxy = 301BF550109A68C00062928A /* PBXContainerItemProxy */;
		};
/* End PBXTargetDependency section */

/* Begin XCBuildConfiguration section */
		1D6058940D05DD3E006BFB54 /* Debug */ = {
			isa = XCBuildConfiguration;
			baseConfigurationReference = 3047A50F1AB8059700498E2A /* build-debug.xcconfig */;
			buildSettings = {
				ALWAYS_SEARCH_USER_PATHS = NO;
				ASSETCATALOG_COMPILER_APPICON_NAME = AppIcon;
				ASSETCATALOG_COMPILER_LAUNCHIMAGE_NAME = LaunchImage;
				CLANG_ENABLE_MODULES = YES;
				CLANG_ENABLE_OBJC_ARC = YES;
				CODE_SIGN_IDENTITY = "iPhone Developer";
				COPY_PHASE_STRIP = NO;
				GCC_DYNAMIC_NO_PIC = NO;
				GCC_OPTIMIZATION_LEVEL = 0;
				GCC_PRECOMPILE_PREFIX_HEADER = YES;
				GCC_PREFIX_HEADER = "Time/Time-Prefix.pch";
				GCC_THUMB_SUPPORT = NO;
				GCC_VERSION = "";
				INFOPLIST_FILE = "Time/Time-Info.plist";
				LD_RUNPATH_SEARCH_PATHS = "@executable_path/Frameworks";
				PRODUCT_NAME = Time;
				TARGETED_DEVICE_FAMILY = 1;
			};
			name = Debug;
		};
		1D6058950D05DD3E006BFB54 /* Release */ = {
			isa = XCBuildConfiguration;
			baseConfigurationReference = 3047A5101AB8059700498E2A /* build-release.xcconfig */;
			buildSettings = {
				ALWAYS_SEARCH_USER_PATHS = NO;
				ASSETCATALOG_COMPILER_APPICON_NAME = AppIcon;
				ASSETCATALOG_COMPILER_LAUNCHIMAGE_NAME = LaunchImage;
				CLANG_ENABLE_MODULES = YES;
				CLANG_ENABLE_OBJC_ARC = YES;
				CODE_SIGN_IDENTITY = "iPhone Developer";
				COPY_PHASE_STRIP = YES;
				GCC_PRECOMPILE_PREFIX_HEADER = YES;
				GCC_PREFIX_HEADER = "Time/Time-Prefix.pch";
				GCC_THUMB_SUPPORT = NO;
				GCC_VERSION = "";
				INFOPLIST_FILE = "Time/Time-Info.plist";
				PRODUCT_NAME = Time;
				TARGETED_DEVICE_FAMILY = 1;
			};
			name = Release;
		};
		C01FCF4F08A954540054247B /* Debug */ = {
			isa = XCBuildConfiguration;
			baseConfigurationReference = 3047A5111AB8059700498E2A /* build.xcconfig */;
			buildSettings = {
				CLANG_ENABLE_MODULES = YES;
				CLANG_ENABLE_OBJC_ARC = YES;
				CLANG_WARN_BOOL_CONVERSION = YES;
				CLANG_WARN_CONSTANT_CONVERSION = YES;
				CLANG_WARN_EMPTY_BODY = YES;
				CLANG_WARN_ENUM_CONVERSION = YES;
				CLANG_WARN_INT_CONVERSION = YES;
				CLANG_WARN__DUPLICATE_METHOD_MATCH = YES;
				GCC_C_LANGUAGE_STANDARD = c99;
				GCC_THUMB_SUPPORT = NO;
				GCC_VERSION = "";
				GCC_WARN_ABOUT_RETURN_TYPE = YES;
				GCC_WARN_UNDECLARED_SELECTOR = YES;
				GCC_WARN_UNINITIALIZED_AUTOS = YES;
				GCC_WARN_UNUSED_FUNCTION = YES;
				GCC_WARN_UNUSED_VARIABLE = YES;
				ONLY_ACTIVE_ARCH = YES;
				SDKROOT = iphoneos;
				SKIP_INSTALL = NO;
			};
			name = Debug;
		};
		C01FCF5008A954540054247B /* Release */ = {
			isa = XCBuildConfiguration;
			baseConfigurationReference = 3047A5111AB8059700498E2A /* build.xcconfig */;
			buildSettings = {
				CLANG_ENABLE_MODULES = YES;
				CLANG_ENABLE_OBJC_ARC = YES;
				CLANG_WARN_BOOL_CONVERSION = YES;
				CLANG_WARN_CONSTANT_CONVERSION = YES;
				CLANG_WARN_EMPTY_BODY = YES;
				CLANG_WARN_ENUM_CONVERSION = YES;
				CLANG_WARN_INT_CONVERSION = YES;
				CLANG_WARN__DUPLICATE_METHOD_MATCH = YES;
				GCC_C_LANGUAGE_STANDARD = c99;
				GCC_THUMB_SUPPORT = NO;
				GCC_VERSION = "";
				GCC_WARN_ABOUT_RETURN_TYPE = YES;
				GCC_WARN_UNDECLARED_SELECTOR = YES;
				GCC_WARN_UNINITIALIZED_AUTOS = YES;
				GCC_WARN_UNUSED_FUNCTION = YES;
				GCC_WARN_UNUSED_VARIABLE = YES;
				SDKROOT = iphoneos;
				SKIP_INSTALL = NO;
			};
			name = Release;
		};
/* End XCBuildConfiguration section */

/* Begin XCConfigurationList section */
		1D6058960D05DD3E006BFB54 /* Build configuration list for PBXNativeTarget "Time" */ = {
			isa = XCConfigurationList;
			buildConfigurations = (
				1D6058940D05DD3E006BFB54 /* Debug */,
				1D6058950D05DD3E006BFB54 /* Release */,
			);
			defaultConfigurationIsVisible = 0;
			defaultConfigurationName = Release;
		};
		C01FCF4E08A954540054247B /* Build configuration list for PBXProject "Time" */ = {
			isa = XCConfigurationList;
			buildConfigurations = (
				C01FCF4F08A954540054247B /* Debug */,
				C01FCF5008A954540054247B /* Release */,
			);
			defaultConfigurationIsVisible = 0;
			defaultConfigurationName = Release;
		};
/* End XCConfigurationList section */
	};
	rootObject = 29B97313FDCFA39411CA2CEA /* Project object */;
}
